// !$*UTF8*$!
{
	archiveVersion = 1;
	classes = {
	};
	objectVersion = 46;
	objects = {

/* Begin PBXBuildFile section */
		8A020FF11A8B007E00CA97E1 /* GameOneViewController.m in Sources */ = {isa = PBXBuildFile; fileRef = 8A020FF01A8B007E00CA97E1 /* GameOneViewController.m */; };
		8A020FF41A8B008C00CA97E1 /* GameTwoViewController.m in Sources */ = {isa = PBXBuildFile; fileRef = 8A020FF31A8B008C00CA97E1 /* GameTwoViewController.m */; };
		8A020FF71A8B0AF900CA97E1 /* MathGame.m in Sources */ = {isa = PBXBuildFile; fileRef = 8A020FF61A8B0AF900CA97E1 /* MathGame.m */; };
		8A020FFA1A8B0B4D00CA97E1 /* Game.m in Sources */ = {isa = PBXBuildFile; fileRef = 8A020FF91A8B0B4D00CA97E1 /* Game.m */; };
		8A020FFD1A8B0B7000CA97E1 /* DotGame.m in Sources */ = {isa = PBXBuildFile; fileRef = 8A020FFC1A8B0B7000CA97E1 /* DotGame.m */; };
		8A0C44871A88656600AF8CAE /* main.m in Sources */ = {isa = PBXBuildFile; fileRef = 8A0C44861A88656600AF8CAE /* main.m */; };
		8A0C448A1A88656600AF8CAE /* AppDelegate.m in Sources */ = {isa = PBXBuildFile; fileRef = 8A0C44891A88656600AF8CAE /* AppDelegate.m */; };
		8A0C448D1A88656600AF8CAE /* Active_Alarm.xcdatamodeld in Sources */ = {isa = PBXBuildFile; fileRef = 8A0C448B1A88656600AF8CAE /* Active_Alarm.xcdatamodeld */; };
		8A0C44931A88656600AF8CAE /* Main.storyboard in Resources */ = {isa = PBXBuildFile; fileRef = 8A0C44911A88656600AF8CAE /* Main.storyboard */; };
		8A0C44951A88656600AF8CAE /* Images.xcassets in Resources */ = {isa = PBXBuildFile; fileRef = 8A0C44941A88656600AF8CAE /* Images.xcassets */; };
		8A0C44981A88656600AF8CAE /* LaunchScreen.xib in Resources */ = {isa = PBXBuildFile; fileRef = 8A0C44961A88656600AF8CAE /* LaunchScreen.xib */; };
		8A0C44A41A88656600AF8CAE /* Active_AlarmTests.m in Sources */ = {isa = PBXBuildFile; fileRef = 8A0C44A31A88656600AF8CAE /* Active_AlarmTests.m */; };
		8A0C44B11A886B2900AF8CAE /* SetAlarmViewController.m in Sources */ = {isa = PBXBuildFile; fileRef = 8A0C44B01A886B2900AF8CAE /* SetAlarmViewController.m */; };
		8A0C44B51A8872BF00AF8CAE /* HomeViewController.m in Sources */ = {isa = PBXBuildFile; fileRef = 8A0C44B41A8872BF00AF8CAE /* HomeViewController.m */; };
		8A5DFB3C1A8A937400B3A99B /* cudi.wav in Resources */ = {isa = PBXBuildFile; fileRef = 8A5DFB3B1A8A937400B3A99B /* cudi.wav */; };
		8AC506521A8BEBF5008BF904 /* Alarm.m in Sources */ = {isa = PBXBuildFile; fileRef = 8AC506511A8BEBF5008BF904 /* Alarm.m */; };
		9F44A78F1A8869AC004F7B9C /* WeatherViewController.m in Sources */ = {isa = PBXBuildFile; fileRef = 9F44A78E1A8869AC004F7B9C /* WeatherViewController.m */; };
		9F44A7981A88B5B3004F7B9C /* WeatherData.m in Sources */ = {isa = PBXBuildFile; fileRef = 9F44A7971A88B5B3004F7B9C /* WeatherData.m */; };
		9F44A82B1A8AEBA1004F7B9C /* CoreDataStack.m in Sources */ = {isa = PBXBuildFile; fileRef = 9F44A82A1A8AEBA1004F7B9C /* CoreDataStack.m */; };
		9F44A8361A8B4B8D004F7B9C /* CoreGraphics.framework in Frameworks */ = {isa = PBXBuildFile; fileRef = 9F44A8351A8B4B8D004F7B9C /* CoreGraphics.framework */; };
		9F44A8781A8C685D004F7B9C /* circle.png in Resources */ = {isa = PBXBuildFile; fileRef = 9F44A8771A8C685D004F7B9C /* circle.png */; };
/* End PBXBuildFile section */

/* Begin PBXContainerItemProxy section */
		8A0C449E1A88656600AF8CAE /* PBXContainerItemProxy */ = {
			isa = PBXContainerItemProxy;
			containerPortal = 8A0C44791A88656600AF8CAE /* Project object */;
			proxyType = 1;
			remoteGlobalIDString = 8A0C44801A88656600AF8CAE;
			remoteInfo = "Active Alarm";
		};
/* End PBXContainerItemProxy section */

/* Begin PBXFileReference section */
		8A020FEF1A8B007E00CA97E1 /* GameOneViewController.h */ = {isa = PBXFileReference; fileEncoding = 4; lastKnownFileType = sourcecode.c.h; path = GameOneViewController.h; sourceTree = "<group>"; };
		8A020FF01A8B007E00CA97E1 /* GameOneViewController.m */ = {isa = PBXFileReference; fileEncoding = 4; lastKnownFileType = sourcecode.c.objc; path = GameOneViewController.m; sourceTree = "<group>"; };
		8A020FF21A8B008C00CA97E1 /* GameTwoViewController.h */ = {isa = PBXFileReference; fileEncoding = 4; lastKnownFileType = sourcecode.c.h; path = GameTwoViewController.h; sourceTree = "<group>"; };
		8A020FF31A8B008C00CA97E1 /* GameTwoViewController.m */ = {isa = PBXFileReference; fileEncoding = 4; lastKnownFileType = sourcecode.c.objc; path = GameTwoViewController.m; sourceTree = "<group>"; };
		8A020FF51A8B0AF900CA97E1 /* MathGame.h */ = {isa = PBXFileReference; fileEncoding = 4; lastKnownFileType = sourcecode.c.h; path = MathGame.h; sourceTree = "<group>"; };
		8A020FF61A8B0AF900CA97E1 /* MathGame.m */ = {isa = PBXFileReference; fileEncoding = 4; lastKnownFileType = sourcecode.c.objc; path = MathGame.m; sourceTree = "<group>"; };
		8A020FF81A8B0B4D00CA97E1 /* Game.h */ = {isa = PBXFileReference; fileEncoding = 4; lastKnownFileType = sourcecode.c.h; path = Game.h; sourceTree = "<group>"; };
		8A020FF91A8B0B4D00CA97E1 /* Game.m */ = {isa = PBXFileReference; fileEncoding = 4; lastKnownFileType = sourcecode.c.objc; path = Game.m; sourceTree = "<group>"; };
		8A020FFB1A8B0B7000CA97E1 /* DotGame.h */ = {isa = PBXFileReference; fileEncoding = 4; lastKnownFileType = sourcecode.c.h; path = DotGame.h; sourceTree = "<group>"; };
		8A020FFC1A8B0B7000CA97E1 /* DotGame.m */ = {isa = PBXFileReference; fileEncoding = 4; lastKnownFileType = sourcecode.c.objc; path = DotGame.m; sourceTree = "<group>"; };
		8A020FFE1A8B15D600CA97E1 /* GameViewControllerType.h */ = {isa = PBXFileReference; lastKnownFileType = sourcecode.c.h; path = GameViewControllerType.h; sourceTree = "<group>"; };
		8A0C44811A88656600AF8CAE /* Active Alarm.app */ = {isa = PBXFileReference; explicitFileType = wrapper.application; includeInIndex = 0; path = "Active Alarm.app"; sourceTree = BUILT_PRODUCTS_DIR; };
		8A0C44851A88656600AF8CAE /* Info.plist */ = {isa = PBXFileReference; lastKnownFileType = text.plist.xml; path = Info.plist; sourceTree = "<group>"; };
		8A0C44861A88656600AF8CAE /* main.m */ = {isa = PBXFileReference; lastKnownFileType = sourcecode.c.objc; path = main.m; sourceTree = "<group>"; };
		8A0C44881A88656600AF8CAE /* AppDelegate.h */ = {isa = PBXFileReference; lastKnownFileType = sourcecode.c.h; path = AppDelegate.h; sourceTree = "<group>"; };
		8A0C44891A88656600AF8CAE /* AppDelegate.m */ = {isa = PBXFileReference; lastKnownFileType = sourcecode.c.objc; path = AppDelegate.m; sourceTree = "<group>"; };
		8A0C448C1A88656600AF8CAE /* Active_Alarm.xcdatamodel */ = {isa = PBXFileReference; lastKnownFileType = wrapper.xcdatamodel; path = Active_Alarm.xcdatamodel; sourceTree = "<group>"; };
		8A0C44921A88656600AF8CAE /* Base */ = {isa = PBXFileReference; lastKnownFileType = file.storyboard; name = Base; path = Base.lproj/Main.storyboard; sourceTree = "<group>"; };
		8A0C44941A88656600AF8CAE /* Images.xcassets */ = {isa = PBXFileReference; lastKnownFileType = folder.assetcatalog; path = Images.xcassets; sourceTree = "<group>"; };
		8A0C44971A88656600AF8CAE /* Base */ = {isa = PBXFileReference; lastKnownFileType = file.xib; name = Base; path = Base.lproj/LaunchScreen.xib; sourceTree = "<group>"; };
		8A0C449D1A88656600AF8CAE /* Active AlarmTests.xctest */ = {isa = PBXFileReference; explicitFileType = wrapper.cfbundle; includeInIndex = 0; path = "Active AlarmTests.xctest"; sourceTree = BUILT_PRODUCTS_DIR; };
		8A0C44A21A88656600AF8CAE /* Info.plist */ = {isa = PBXFileReference; lastKnownFileType = text.plist.xml; path = Info.plist; sourceTree = "<group>"; };
		8A0C44A31A88656600AF8CAE /* Active_AlarmTests.m */ = {isa = PBXFileReference; lastKnownFileType = sourcecode.c.objc; path = Active_AlarmTests.m; sourceTree = "<group>"; };
		8A0C44AF1A886B2900AF8CAE /* SetAlarmViewController.h */ = {isa = PBXFileReference; fileEncoding = 4; lastKnownFileType = sourcecode.c.h; path = SetAlarmViewController.h; sourceTree = "<group>"; };
		8A0C44B01A886B2900AF8CAE /* SetAlarmViewController.m */ = {isa = PBXFileReference; fileEncoding = 4; lastKnownFileType = sourcecode.c.objc; path = SetAlarmViewController.m; sourceTree = "<group>"; };
		8A0C44B31A8872BF00AF8CAE /* HomeViewController.h */ = {isa = PBXFileReference; fileEncoding = 4; lastKnownFileType = sourcecode.c.h; path = HomeViewController.h; sourceTree = "<group>"; };
		8A0C44B41A8872BF00AF8CAE /* HomeViewController.m */ = {isa = PBXFileReference; fileEncoding = 4; lastKnownFileType = sourcecode.c.objc; path = HomeViewController.m; sourceTree = "<group>"; };
		8A5DFB3B1A8A937400B3A99B /* cudi.wav */ = {isa = PBXFileReference; lastKnownFileType = audio.wav; path = cudi.wav; sourceTree = "<group>"; };
		8AC506501A8BEBF5008BF904 /* Alarm.h */ = {isa = PBXFileReference; fileEncoding = 4; lastKnownFileType = sourcecode.c.h; path = Alarm.h; sourceTree = "<group>"; };
		8AC506511A8BEBF5008BF904 /* Alarm.m */ = {isa = PBXFileReference; fileEncoding = 4; lastKnownFileType = sourcecode.c.objc; path = Alarm.m; sourceTree = "<group>"; };
		9F44A78D1A8869AC004F7B9C /* WeatherViewController.h */ = {isa = PBXFileReference; fileEncoding = 4; lastKnownFileType = sourcecode.c.h; path = WeatherViewController.h; sourceTree = "<group>"; };
		9F44A78E1A8869AC004F7B9C /* WeatherViewController.m */ = {isa = PBXFileReference; fileEncoding = 4; lastKnownFileType = sourcecode.c.objc; path = WeatherViewController.m; sourceTree = "<group>"; };
		9F44A7961A88B5B3004F7B9C /* WeatherData.h */ = {isa = PBXFileReference; fileEncoding = 4; lastKnownFileType = sourcecode.c.h; path = WeatherData.h; sourceTree = "<group>"; };
		9F44A7971A88B5B3004F7B9C /* WeatherData.m */ = {isa = PBXFileReference; fileEncoding = 4; lastKnownFileType = sourcecode.c.objc; path = WeatherData.m; sourceTree = "<group>"; };
		9F44A8291A8AEBA1004F7B9C /* CoreDataStack.h */ = {isa = PBXFileReference; fileEncoding = 4; lastKnownFileType = sourcecode.c.h; path = CoreDataStack.h; sourceTree = "<group>"; };
		9F44A82A1A8AEBA1004F7B9C /* CoreDataStack.m */ = {isa = PBXFileReference; fileEncoding = 4; lastKnownFileType = sourcecode.c.objc; path = CoreDataStack.m; sourceTree = "<group>"; };
		9F44A8351A8B4B8D004F7B9C /* CoreGraphics.framework */ = {isa = PBXFileReference; lastKnownFileType = wrapper.framework; name = CoreGraphics.framework; path = System/Library/Frameworks/CoreGraphics.framework; sourceTree = SDKROOT; };
		9F44A8771A8C685D004F7B9C /* circle.png */ = {isa = PBXFileReference; lastKnownFileType = image.png; name = circle.png; path = "Active Alarm/circle.png"; sourceTree = "<group>"; };
/* End PBXFileReference section */

/* Begin PBXFrameworksBuildPhase section */
		8A0C447E1A88656600AF8CAE /* Frameworks */ = {
			isa = PBXFrameworksBuildPhase;
			buildActionMask = 2147483647;
			files = (
			);
			runOnlyForDeploymentPostprocessing = 0;
		};
		8A0C449A1A88656600AF8CAE /* Frameworks */ = {
			isa = PBXFrameworksBuildPhase;
			buildActionMask = 2147483647;
			files = (
				9F44A8361A8B4B8D004F7B9C /* CoreGraphics.framework in Frameworks */,
			);
			runOnlyForDeploymentPostprocessing = 0;
		};
/* End PBXFrameworksBuildPhase section */

/* Begin PBXGroup section */
		8A020FEE1A8B005B00CA97E1 /* Challenges */ = {
			isa = PBXGroup;
			children = (
				9F44A8771A8C685D004F7B9C /* circle.png */,
				8A020FEF1A8B007E00CA97E1 /* GameOneViewController.h */,
				8A020FF01A8B007E00CA97E1 /* GameOneViewController.m */,
				8A020FF21A8B008C00CA97E1 /* GameTwoViewController.h */,
				8A020FF31A8B008C00CA97E1 /* GameTwoViewController.m */,
				8A020FFE1A8B15D600CA97E1 /* GameViewControllerType.h */,
			);
			name = Challenges;
			sourceTree = "<group>";
		};
		8A0C44781A88656600AF8CAE = {
			isa = PBXGroup;
			children = (
				9F44A8351A8B4B8D004F7B9C /* CoreGraphics.framework */,
				8A020FF81A8B0B4D00CA97E1 /* Game.h */,
				8A020FF91A8B0B4D00CA97E1 /* Game.m */,
				8A020FFB1A8B0B7000CA97E1 /* DotGame.h */,
				8A020FFC1A8B0B7000CA97E1 /* DotGame.m */,
				8A020FF51A8B0AF900CA97E1 /* MathGame.h */,
				8A020FF61A8B0AF900CA97E1 /* MathGame.m */,
				8A020FEE1A8B005B00CA97E1 /* Challenges */,
				8A5DFB3B1A8A937400B3A99B /* cudi.wav */,
				8A0C44911A88656600AF8CAE /* Main.storyboard */,
				8A0C44B21A88728C00AF8CAE /* Home */,
				8A0C44AE1A88676F00AF8CAE /* Weather */,
				8A0C44AD1A88676600AF8CAE /* Core Data */,
				8A0C44831A88656600AF8CAE /* Active Alarm */,
				8A0C44A01A88656600AF8CAE /* Active AlarmTests */,
				8A0C44821A88656600AF8CAE /* Products */,
			);
			sourceTree = "<group>";
		};
		8A0C44821A88656600AF8CAE /* Products */ = {
			isa = PBXGroup;
			children = (
				8A0C44811A88656600AF8CAE /* Active Alarm.app */,
				8A0C449D1A88656600AF8CAE /* Active AlarmTests.xctest */,
			);
			name = Products;
			sourceTree = "<group>";
		};
		8A0C44831A88656600AF8CAE /* Active Alarm */ = {
			isa = PBXGroup;
			children = (
				8A0C44AF1A886B2900AF8CAE /* SetAlarmViewController.h */,
				8A0C44B01A886B2900AF8CAE /* SetAlarmViewController.m */,
				8A0C44841A88656600AF8CAE /* Supporting Files */,
			);
			path = "Active Alarm";
			sourceTree = "<group>";
		};
		8A0C44841A88656600AF8CAE /* Supporting Files */ = {
			isa = PBXGroup;
			children = (
				8A0C44941A88656600AF8CAE /* Images.xcassets */,
				8A0C44961A88656600AF8CAE /* LaunchScreen.xib */,
				8A0C44881A88656600AF8CAE /* AppDelegate.h */,
				8A0C44891A88656600AF8CAE /* AppDelegate.m */,
				8A0C44851A88656600AF8CAE /* Info.plist */,
				8A0C44861A88656600AF8CAE /* main.m */,
			);
			name = "Supporting Files";
			sourceTree = "<group>";
		};
		8A0C44A01A88656600AF8CAE /* Active AlarmTests */ = {
			isa = PBXGroup;
			children = (
				8A0C44A31A88656600AF8CAE /* Active_AlarmTests.m */,
				8A0C44A11A88656600AF8CAE /* Supporting Files */,
			);
			path = "Active AlarmTests";
			sourceTree = "<group>";
		};
		8A0C44A11A88656600AF8CAE /* Supporting Files */ = {
			isa = PBXGroup;
			children = (
				8A0C44A21A88656600AF8CAE /* Info.plist */,
			);
			name = "Supporting Files";
			sourceTree = "<group>";
		};
		8A0C44AD1A88676600AF8CAE /* Core Data */ = {
			isa = PBXGroup;
			children = (
				9F44A8291A8AEBA1004F7B9C /* CoreDataStack.h */,
				9F44A82A1A8AEBA1004F7B9C /* CoreDataStack.m */,
				8A0C448B1A88656600AF8CAE /* Active_Alarm.xcdatamodeld */,
				8AC506501A8BEBF5008BF904 /* Alarm.h */,
				8AC506511A8BEBF5008BF904 /* Alarm.m */,
			);
			name = "Core Data";
			sourceTree = "<group>";
		};
		8A0C44AE1A88676F00AF8CAE /* Weather */ = {
			isa = PBXGroup;
			children = (
				9F44A78D1A8869AC004F7B9C /* WeatherViewController.h */,
				9F44A78E1A8869AC004F7B9C /* WeatherViewController.m */,
				9F44A7961A88B5B3004F7B9C /* WeatherData.h */,
				9F44A7971A88B5B3004F7B9C /* WeatherData.m */,
			);
			name = Weather;
			sourceTree = "<group>";
		};
		8A0C44B21A88728C00AF8CAE /* Home */ = {
			isa = PBXGroup;
			children = (
				8A0C44B31A8872BF00AF8CAE /* HomeViewController.h */,
				8A0C44B41A8872BF00AF8CAE /* HomeViewController.m */,
			);
			name = Home;
			sourceTree = "<group>";
		};
/* End PBXGroup section */

/* Begin PBXNativeTarget section */
		8A0C44801A88656600AF8CAE /* Active Alarm */ = {
			isa = PBXNativeTarget;
			buildConfigurationList = 8A0C44A71A88656600AF8CAE /* Build configuration list for PBXNativeTarget "Active Alarm" */;
			buildPhases = (
				8A0C447D1A88656600AF8CAE /* Sources */,
				8A0C447E1A88656600AF8CAE /* Frameworks */,
				8A0C447F1A88656600AF8CAE /* Resources */,
			);
			buildRules = (
			);
			dependencies = (
			);
			name = "Active Alarm";
			productName = "Active Alarm";
			productReference = 8A0C44811A88656600AF8CAE /* Active Alarm.app */;
			productType = "com.apple.product-type.application";
		};
		8A0C449C1A88656600AF8CAE /* Active AlarmTests */ = {
			isa = PBXNativeTarget;
			buildConfigurationList = 8A0C44AA1A88656600AF8CAE /* Build configuration list for PBXNativeTarget "Active AlarmTests" */;
			buildPhases = (
				8A0C44991A88656600AF8CAE /* Sources */,
				8A0C449A1A88656600AF8CAE /* Frameworks */,
				8A0C449B1A88656600AF8CAE /* Resources */,
			);
			buildRules = (
			);
			dependencies = (
				8A0C449F1A88656600AF8CAE /* PBXTargetDependency */,
			);
			name = "Active AlarmTests";
			productName = "Active AlarmTests";
			productReference = 8A0C449D1A88656600AF8CAE /* Active AlarmTests.xctest */;
			productType = "com.apple.product-type.bundle.unit-test";
		};
/* End PBXNativeTarget section */

/* Begin PBXProject section */
		8A0C44791A88656600AF8CAE /* Project object */ = {
			isa = PBXProject;
			attributes = {
				LastUpgradeCheck = 0620;
				ORGANIZATIONNAME = "David Manuntag";
				TargetAttributes = {
					8A0C44801A88656600AF8CAE = {
						CreatedOnToolsVersion = 6.2;
					};
					8A0C449C1A88656600AF8CAE = {
						CreatedOnToolsVersion = 6.2;
						TestTargetID = 8A0C44801A88656600AF8CAE;
					};
				};
			};
			buildConfigurationList = 8A0C447C1A88656600AF8CAE /* Build configuration list for PBXProject "Active Alarm" */;
			compatibilityVersion = "Xcode 3.2";
			developmentRegion = English;
			hasScannedForEncodings = 0;
			knownRegions = (
				en,
				Base,
			);
			mainGroup = 8A0C44781A88656600AF8CAE;
			productRefGroup = 8A0C44821A88656600AF8CAE /* Products */;
			projectDirPath = "";
			projectRoot = "";
			targets = (
				8A0C44801A88656600AF8CAE /* Active Alarm */,
				8A0C449C1A88656600AF8CAE /* Active AlarmTests */,
			);
		};
/* End PBXProject section */

/* Begin PBXResourcesBuildPhase section */
		8A0C447F1A88656600AF8CAE /* Resources */ = {
			isa = PBXResourcesBuildPhase;
			buildActionMask = 2147483647;
			files = (
				8A0C44931A88656600AF8CAE /* Main.storyboard in Resources */,
				8A5DFB3C1A8A937400B3A99B /* cudi.wav in Resources */,
				9F44A8781A8C685D004F7B9C /* circle.png in Resources */,
				8A0C44981A88656600AF8CAE /* LaunchScreen.xib in Resources */,
				8A0C44951A88656600AF8CAE /* Images.xcassets in Resources */,
			);
			runOnlyForDeploymentPostprocessing = 0;
		};
		8A0C449B1A88656600AF8CAE /* Resources */ = {
			isa = PBXResourcesBuildPhase;
			buildActionMask = 2147483647;
			files = (
			);
			runOnlyForDeploymentPostprocessing = 0;
		};
/* End PBXResourcesBuildPhase section */

/* Begin PBXSourcesBuildPhase section */
		8A0C447D1A88656600AF8CAE /* Sources */ = {
			isa = PBXSourcesBuildPhase;
			buildActionMask = 2147483647;
			files = (
				8A020FFA1A8B0B4D00CA97E1 /* Game.m in Sources */,
				8AC506521A8BEBF5008BF904 /* Alarm.m in Sources */,
				8A0C448D1A88656600AF8CAE /* Active_Alarm.xcdatamodeld in Sources */,
				9F44A78F1A8869AC004F7B9C /* WeatherViewController.m in Sources */,
				8A0C448A1A88656600AF8CAE /* AppDelegate.m in Sources */,
				8A020FF41A8B008C00CA97E1 /* GameTwoViewController.m in Sources */,
				8A020FF71A8B0AF900CA97E1 /* MathGame.m in Sources */,
				8A020FFD1A8B0B7000CA97E1 /* DotGame.m in Sources */,
				9F44A82B1A8AEBA1004F7B9C /* CoreDataStack.m in Sources */,
				8A020FF11A8B007E00CA97E1 /* GameOneViewController.m in Sources */,
				8A0C44B11A886B2900AF8CAE /* SetAlarmViewController.m in Sources */,
				9F44A7981A88B5B3004F7B9C /* WeatherData.m in Sources */,
				8A0C44871A88656600AF8CAE /* main.m in Sources */,
				8A0C44B51A8872BF00AF8CAE /* HomeViewController.m in Sources */,
			);
			runOnlyForDeploymentPostprocessing = 0;
		};
		8A0C44991A88656600AF8CAE /* Sources */ = {
			isa = PBXSourcesBuildPhase;
			buildActionMask = 2147483647;
			files = (
				8A0C44A41A88656600AF8CAE /* Active_AlarmTests.m in Sources */,
			);
			runOnlyForDeploymentPostprocessing = 0;
		};
/* End PBXSourcesBuildPhase section */

/* Begin PBXTargetDependency section */
		8A0C449F1A88656600AF8CAE /* PBXTargetDependency */ = {
			isa = PBXTargetDependency;
			target = 8A0C44801A88656600AF8CAE /* Active Alarm */;
			targetProxy = 8A0C449E1A88656600AF8CAE /* PBXContainerItemProxy */;
		};
/* End PBXTargetDependency section */

/* Begin PBXVariantGroup section */
		8A0C44911A88656600AF8CAE /* Main.storyboard */ = {
			isa = PBXVariantGroup;
			children = (
				8A0C44921A88656600AF8CAE /* Base */,
			);
			name = Main.storyboard;
			path = "Active Alarm";
			sourceTree = "<group>";
		};
		8A0C44961A88656600AF8CAE /* LaunchScreen.xib */ = {
			isa = PBXVariantGroup;
			children = (
				8A0C44971A88656600AF8CAE /* Base */,
			);
			name = LaunchScreen.xib;
			sourceTree = "<group>";
		};
/* End PBXVariantGroup section */

/* Begin XCBuildConfiguration section */
		8A0C44A51A88656600AF8CAE /* Debug */ = {
			isa = XCBuildConfiguration;
			buildSettings = {
				ALWAYS_SEARCH_USER_PATHS = NO;
				CLANG_CXX_LANGUAGE_STANDARD = "gnu++0x";
				CLANG_CXX_LIBRARY = "libc++";
				CLANG_ENABLE_MODULES = YES;
				CLANG_ENABLE_OBJC_ARC = YES;
				CLANG_WARN_BOOL_CONVERSION = YES;
				CLANG_WARN_CONSTANT_CONVERSION = YES;
				CLANG_WARN_DIRECT_OBJC_ISA_USAGE = YES_ERROR;
				CLANG_WARN_EMPTY_BODY = YES;
				CLANG_WARN_ENUM_CONVERSION = YES;
				CLANG_WARN_INT_CONVERSION = YES;
				CLANG_WARN_OBJC_ROOT_CLASS = YES_ERROR;
				CLANG_WARN_UNREACHABLE_CODE = YES;
				CLANG_WARN__DUPLICATE_METHOD_MATCH = YES;
				"CODE_SIGN_IDENTITY[sdk=iphoneos*]" = "iPhone Developer";
				COPY_PHASE_STRIP = NO;
				ENABLE_STRICT_OBJC_MSGSEND = YES;
				GCC_C_LANGUAGE_STANDARD = gnu99;
				GCC_DYNAMIC_NO_PIC = NO;
				GCC_OPTIMIZATION_LEVEL = 0;
				GCC_PREPROCESSOR_DEFINITIONS = (
					"DEBUG=1",
					"$(inherited)",
				);
				GCC_SYMBOLS_PRIVATE_EXTERN = NO;
				GCC_WARN_64_TO_32_BIT_CONVERSION = YES;
				GCC_WARN_ABOUT_RETURN_TYPE = YES_ERROR;
				GCC_WARN_UNDECLARED_SELECTOR = YES;
				GCC_WARN_UNINITIALIZED_AUTOS = YES_AGGRESSIVE;
				GCC_WARN_UNUSED_FUNCTION = YES;
				GCC_WARN_UNUSED_VARIABLE = YES;
				IPHONEOS_DEPLOYMENT_TARGET = 8.2;
				MTL_ENABLE_DEBUG_INFO = YES;
				ONLY_ACTIVE_ARCH = YES;
				SDKROOT = iphoneos;
			};
			name = Debug;
		};
		8A0C44A61A88656600AF8CAE /* Release */ = {
			isa = XCBuildConfiguration;
			buildSettings = {
				ALWAYS_SEARCH_USER_PATHS = NO;
				CLANG_CXX_LANGUAGE_STANDARD = "gnu++0x";
				CLANG_CXX_LIBRARY = "libc++";
				CLANG_ENABLE_MODULES = YES;
				CLANG_ENABLE_OBJC_ARC = YES;
				CLANG_WARN_BOOL_CONVERSION = YES;
				CLANG_WARN_CONSTANT_CONVERSION = YES;
				CLANG_WARN_DIRECT_OBJC_ISA_USAGE = YES_ERROR;
				CLANG_WARN_EMPTY_BODY = YES;
				CLANG_WARN_ENUM_CONVERSION = YES;
				CLANG_WARN_INT_CONVERSION = YES;
				CLANG_WARN_OBJC_ROOT_CLASS = YES_ERROR;
				CLANG_WARN_UNREACHABLE_CODE = YES;
				CLANG_WARN__DUPLICATE_METHOD_MATCH = YES;
				"CODE_SIGN_IDENTITY[sdk=iphoneos*]" = "iPhone Developer";
				COPY_PHASE_STRIP = YES;
				ENABLE_NS_ASSERTIONS = NO;
				ENABLE_STRICT_OBJC_MSGSEND = YES;
				GCC_C_LANGUAGE_STANDARD = gnu99;
				GCC_WARN_64_TO_32_BIT_CONVERSION = YES;
				GCC_WARN_ABOUT_RETURN_TYPE = YES_ERROR;
				GCC_WARN_UNDECLARED_SELECTOR = YES;
				GCC_WARN_UNINITIALIZED_AUTOS = YES_AGGRESSIVE;
				GCC_WARN_UNUSED_FUNCTION = YES;
				GCC_WARN_UNUSED_VARIABLE = YES;
				IPHONEOS_DEPLOYMENT_TARGET = 8.2;
				MTL_ENABLE_DEBUG_INFO = NO;
				SDKROOT = iphoneos;
				VALIDATE_PRODUCT = YES;
			};
			name = Release;
		};
		8A0C44A81A88656600AF8CAE /* Debug */ = {
			isa = XCBuildConfiguration;
			buildSettings = {
				ASSETCATALOG_COMPILER_APPICON_NAME = AppIcon;
				INFOPLIST_FILE = "Active Alarm/Info.plist";
				IPHONEOS_DEPLOYMENT_TARGET = 8.1;
				LD_RUNPATH_SEARCH_PATHS = "$(inherited) @executable_path/Frameworks";
				PRODUCT_NAME = "$(TARGET_NAME)";
			};
			name = Debug;
		};
		8A0C44A91A88656600AF8CAE /* Release */ = {
			isa = XCBuildConfiguration;
			buildSettings = {
				ASSETCATALOG_COMPILER_APPICON_NAME = AppIcon;
				INFOPLIST_FILE = "Active Alarm/Info.plist";
				IPHONEOS_DEPLOYMENT_TARGET = 8.1;
				LD_RUNPATH_SEARCH_PATHS = "$(inherited) @executable_path/Frameworks";
				PRODUCT_NAME = "$(TARGET_NAME)";
			};
			name = Release;
		};
		8A0C44AB1A88656600AF8CAE /* Debug */ = {
			isa = XCBuildConfiguration;
			buildSettings = {
				BUNDLE_LOADER = "$(TEST_HOST)";
				FRAMEWORK_SEARCH_PATHS = (
					"$(SDKROOT)/Developer/Library/Frameworks",
					"$(inherited)",
				);
				GCC_PREPROCESSOR_DEFINITIONS = (
					"DEBUG=1",
					"$(inherited)",
				);
				INFOPLIST_FILE = "Active AlarmTests/Info.plist";
				LD_RUNPATH_SEARCH_PATHS = "$(inherited) @executable_path/Frameworks @loader_path/Frameworks";
				PRODUCT_NAME = "$(TARGET_NAME)";
				TEST_HOST = "$(BUILT_PRODUCTS_DIR)/Active Alarm.app/Active Alarm";
			};
			name = Debug;
		};
		8A0C44AC1A88656600AF8CAE /* Release */ = {
			isa = XCBuildConfiguration;
			buildSettings = {
				BUNDLE_LOADER = "$(TEST_HOST)";
				FRAMEWORK_SEARCH_PATHS = (
					"$(SDKROOT)/Developer/Library/Frameworks",
					"$(inherited)",
				);
				INFOPLIST_FILE = "Active AlarmTests/Info.plist";
				LD_RUNPATH_SEARCH_PATHS = "$(inherited) @executable_path/Frameworks @loader_path/Frameworks";
				PRODUCT_NAME = "$(TARGET_NAME)";
				TEST_HOST = "$(BUILT_PRODUCTS_DIR)/Active Alarm.app/Active Alarm";
			};
			name = Release;
		};
/* End XCBuildConfiguration section */

/* Begin XCConfigurationList section */
		8A0C447C1A88656600AF8CAE /* Build configuration list for PBXProject "Active Alarm" */ = {
			isa = XCConfigurationList;
			buildConfigurations = (
				8A0C44A51A88656600AF8CAE /* Debug */,
				8A0C44A61A88656600AF8CAE /* Release */,
			);
			defaultConfigurationIsVisible = 0;
			defaultConfigurationName = Release;
		};
		8A0C44A71A88656600AF8CAE /* Build configuration list for PBXNativeTarget "Active Alarm" */ = {
			isa = XCConfigurationList;
			buildConfigurations = (
				8A0C44A81A88656600AF8CAE /* Debug */,
				8A0C44A91A88656600AF8CAE /* Release */,
			);
			defaultConfigurationIsVisible = 0;
			defaultConfigurationName = Release;
		};
		8A0C44AA1A88656600AF8CAE /* Build configuration list for PBXNativeTarget "Active AlarmTests" */ = {
			isa = XCConfigurationList;
			buildConfigurations = (
				8A0C44AB1A88656600AF8CAE /* Debug */,
				8A0C44AC1A88656600AF8CAE /* Release */,
			);
			defaultConfigurationIsVisible = 0;
			defaultConfigurationName = Release;
		};
/* End XCConfigurationList section */

/* Begin XCVersionGroup section */
		8A0C448B1A88656600AF8CAE /* Active_Alarm.xcdatamodeld */ = {
			isa = XCVersionGroup;
			children = (
				8A0C448C1A88656600AF8CAE /* Active_Alarm.xcdatamodel */,
			);
			currentVersion = 8A0C448C1A88656600AF8CAE /* Active_Alarm.xcdatamodel */;
			name = Active_Alarm.xcdatamodeld;
			path = "Active Alarm/Active_Alarm.xcdatamodeld";
			sourceTree = "<group>";
			versionGroupType = wrapper.xcdatamodel;
		};
/* End XCVersionGroup section */
	};
	rootObject = 8A0C44791A88656600AF8CAE /* Project object */;
}
